// !$*UTF8*$!
{
	archiveVersion = 1;
	classes = {
	};
	objectVersion = 46;
	objects = {

/* Begin PBXBuildFile section */
		BC8AAEE41A066300002B363E /* CloudKit.framework in Frameworks */ = {isa = PBXBuildFile; fileRef = BC8AAEE31A066300002B363E /* CloudKit.framework */; };
		BCBA69021A04705200189A54 /* PickerViewCell.swift in Sources */ = {isa = PBXBuildFile; fileRef = BCBA69011A04705200189A54 /* PickerViewCell.swift */; };
		BCF288D21A03DB7A00898EC4 /* DDayCell.swift in Sources */ = {isa = PBXBuildFile; fileRef = BCF288D11A03DB7A00898EC4 /* DDayCell.swift */; };
		BCF72D9B19FFB87500C29974 /* AppDelegate.swift in Sources */ = {isa = PBXBuildFile; fileRef = BCF72D9A19FFB87500C29974 /* AppDelegate.swift */; };
		BCF72D9E19FFB87500C29974 /* D_Day.xcdatamodeld in Sources */ = {isa = PBXBuildFile; fileRef = BCF72D9C19FFB87500C29974 /* D_Day.xcdatamodeld */; };
		BCF72DA019FFB87500C29974 /* MasterViewController.swift in Sources */ = {isa = PBXBuildFile; fileRef = BCF72D9F19FFB87500C29974 /* MasterViewController.swift */; };
		BCF72DA519FFB87500C29974 /* Main.storyboard in Resources */ = {isa = PBXBuildFile; fileRef = BCF72DA319FFB87500C29974 /* Main.storyboard */; };
		BCF72DA719FFB87500C29974 /* Images.xcassets in Resources */ = {isa = PBXBuildFile; fileRef = BCF72DA619FFB87500C29974 /* Images.xcassets */; };
		BCF72DAA19FFB87500C29974 /* LaunchScreen.xib in Resources */ = {isa = PBXBuildFile; fileRef = BCF72DA819FFB87500C29974 /* LaunchScreen.xib */; };
		BCF72DB619FFB87500C29974 /* D_DayTests.swift in Sources */ = {isa = PBXBuildFile; fileRef = BCF72DB519FFB87500C29974 /* D_DayTests.swift */; };
		BCF72DC019FFC08700C29974 /* CalendarEventListViewController.swift in Sources */ = {isa = PBXBuildFile; fileRef = BCF72DBF19FFC08700C29974 /* CalendarEventListViewController.swift */; };
		BCF72E2D19FFC7FC00C29974 /* DdayViewController.swift in Sources */ = {isa = PBXBuildFile; fileRef = BCF72E2C19FFC7FC00C29974 /* DdayViewController.swift */; };
		BCF72E3519FFCAD400C29974 /* KeyValueCell.swift in Sources */ = {isa = PBXBuildFile; fileRef = BCF72E3419FFCAD400C29974 /* KeyValueCell.swift */; };
		BCF72E3719FFCAE000C29974 /* DatePickerCell.swift in Sources */ = {isa = PBXBuildFile; fileRef = BCF72E3619FFCAE000C29974 /* DatePickerCell.swift */; };
		BCF72E3919FFCAED00C29974 /* TextInputCell.swift in Sources */ = {isa = PBXBuildFile; fileRef = BCF72E3819FFCAED00C29974 /* TextInputCell.swift */; };
		BCF72E3B19FFCAFB00C29974 /* TextViewCell.swift in Sources */ = {isa = PBXBuildFile; fileRef = BCF72E3A19FFCAFB00C29974 /* TextViewCell.swift */; };
		BCF72E3D19FFCB0800C29974 /* ButtonCell.swift in Sources */ = {isa = PBXBuildFile; fileRef = BCF72E3C19FFCB0800C29974 /* ButtonCell.swift */; };
/* End PBXBuildFile section */

/* Begin PBXContainerItemProxy section */
		BCF72DB019FFB87500C29974 /* PBXContainerItemProxy */ = {
			isa = PBXContainerItemProxy;
			containerPortal = BCF72D8D19FFB87500C29974 /* Project object */;
			proxyType = 1;
			remoteGlobalIDString = BCF72D9419FFB87500C29974;
			remoteInfo = "D-Day";
		};
/* End PBXContainerItemProxy section */

/* Begin PBXFileReference section */
		BC8AAEE21A066120002B363E /* D-Day.entitlements */ = {isa = PBXFileReference; lastKnownFileType = text.xml; path = "D-Day.entitlements"; sourceTree = "<group>"; };
		BC8AAEE31A066300002B363E /* CloudKit.framework */ = {isa = PBXFileReference; lastKnownFileType = wrapper.framework; name = CloudKit.framework; path = System/Library/Frameworks/CloudKit.framework; sourceTree = SDKROOT; };
		BCBA69011A04705200189A54 /* PickerViewCell.swift */ = {isa = PBXFileReference; fileEncoding = 4; lastKnownFileType = sourcecode.swift; path = PickerViewCell.swift; sourceTree = "<group>"; };
		BCF288D11A03DB7A00898EC4 /* DDayCell.swift */ = {isa = PBXFileReference; fileEncoding = 4; lastKnownFileType = sourcecode.swift; path = DDayCell.swift; sourceTree = "<group>"; };
		BCF72D9519FFB87500C29974 /* D-Day.app */ = {isa = PBXFileReference; explicitFileType = wrapper.application; includeInIndex = 0; path = "D-Day.app"; sourceTree = BUILT_PRODUCTS_DIR; };
		BCF72D9919FFB87500C29974 /* Info.plist */ = {isa = PBXFileReference; lastKnownFileType = text.plist.xml; path = Info.plist; sourceTree = "<group>"; };
		BCF72D9A19FFB87500C29974 /* AppDelegate.swift */ = {isa = PBXFileReference; lastKnownFileType = sourcecode.swift; path = AppDelegate.swift; sourceTree = "<group>"; };
		BCF72D9D19FFB87500C29974 /* D_Day.xcdatamodel */ = {isa = PBXFileReference; lastKnownFileType = wrapper.xcdatamodel; path = D_Day.xcdatamodel; sourceTree = "<group>"; };
		BCF72D9F19FFB87500C29974 /* MasterViewController.swift */ = {isa = PBXFileReference; lastKnownFileType = sourcecode.swift; path = MasterViewController.swift; sourceTree = "<group>"; };
		BCF72DA419FFB87500C29974 /* Base */ = {isa = PBXFileReference; lastKnownFileType = file.storyboard; name = Base; path = Base.lproj/Main.storyboard; sourceTree = "<group>"; };
		BCF72DA619FFB87500C29974 /* Images.xcassets */ = {isa = PBXFileReference; lastKnownFileType = folder.assetcatalog; path = Images.xcassets; sourceTree = "<group>"; };
		BCF72DA919FFB87500C29974 /* Base */ = {isa = PBXFileReference; lastKnownFileType = file.xib; name = Base; path = Base.lproj/LaunchScreen.xib; sourceTree = "<group>"; };
		BCF72DAF19FFB87500C29974 /* D-DayTests.xctest */ = {isa = PBXFileReference; explicitFileType = wrapper.cfbundle; includeInIndex = 0; path = "D-DayTests.xctest"; sourceTree = BUILT_PRODUCTS_DIR; };
		BCF72DB419FFB87500C29974 /* Info.plist */ = {isa = PBXFileReference; lastKnownFileType = text.plist.xml; path = Info.plist; sourceTree = "<group>"; };
		BCF72DB519FFB87500C29974 /* D_DayTests.swift */ = {isa = PBXFileReference; lastKnownFileType = sourcecode.swift; path = D_DayTests.swift; sourceTree = "<group>"; };
		BCF72DBF19FFC08700C29974 /* CalendarEventListViewController.swift */ = {isa = PBXFileReference; fileEncoding = 4; lastKnownFileType = sourcecode.swift; path = CalendarEventListViewController.swift; sourceTree = "<group>"; };
		BCF72E2C19FFC7FC00C29974 /* DdayViewController.swift */ = {isa = PBXFileReference; fileEncoding = 4; lastKnownFileType = sourcecode.swift; path = DdayViewController.swift; sourceTree = "<group>"; };
		BCF72E3419FFCAD400C29974 /* KeyValueCell.swift */ = {isa = PBXFileReference; fileEncoding = 4; lastKnownFileType = sourcecode.swift; path = KeyValueCell.swift; sourceTree = "<group>"; };
		BCF72E3619FFCAE000C29974 /* DatePickerCell.swift */ = {isa = PBXFileReference; fileEncoding = 4; lastKnownFileType = sourcecode.swift; path = DatePickerCell.swift; sourceTree = "<group>"; };
		BCF72E3819FFCAED00C29974 /* TextInputCell.swift */ = {isa = PBXFileReference; fileEncoding = 4; lastKnownFileType = sourcecode.swift; path = TextInputCell.swift; sourceTree = "<group>"; };
		BCF72E3A19FFCAFB00C29974 /* TextViewCell.swift */ = {isa = PBXFileReference; fileEncoding = 4; lastKnownFileType = sourcecode.swift; path = TextViewCell.swift; sourceTree = "<group>"; };
		BCF72E3C19FFCB0800C29974 /* ButtonCell.swift */ = {isa = PBXFileReference; fileEncoding = 4; lastKnownFileType = sourcecode.swift; path = ButtonCell.swift; sourceTree = "<group>"; };
/* End PBXFileReference section */

/* Begin PBXFrameworksBuildPhase section */
		BCF72D9219FFB87500C29974 /* Frameworks */ = {
			isa = PBXFrameworksBuildPhase;
			buildActionMask = 2147483647;
			files = (
				BC8AAEE41A066300002B363E /* CloudKit.framework in Frameworks */,
			);
			runOnlyForDeploymentPostprocessing = 0;
		};
		BCF72DAC19FFB87500C29974 /* Frameworks */ = {
			isa = PBXFrameworksBuildPhase;
			buildActionMask = 2147483647;
			files = (
			);
			runOnlyForDeploymentPostprocessing = 0;
		};
/* End PBXFrameworksBuildPhase section */

/* Begin PBXGroup section */
		BCF72D8C19FFB87500C29974 = {
			isa = PBXGroup;
			children = (
				BC8AAEE31A066300002B363E /* CloudKit.framework */,
				BCF72D9719FFB87500C29974 /* D-Day */,
				BCF72DB219FFB87500C29974 /* D-DayTests */,
				BCF72D9619FFB87500C29974 /* Products */,
			);
			sourceTree = "<group>";
		};
		BCF72D9619FFB87500C29974 /* Products */ = {
			isa = PBXGroup;
			children = (
				BCF72D9519FFB87500C29974 /* D-Day.app */,
				BCF72DAF19FFB87500C29974 /* D-DayTests.xctest */,
			);
			name = Products;
			sourceTree = "<group>";
		};
		BCF72D9719FFB87500C29974 /* D-Day */ = {
			isa = PBXGroup;
			children = (
				BC8AAEE21A066120002B363E /* D-Day.entitlements */,
				BCF72D9A19FFB87500C29974 /* AppDelegate.swift */,
				BCF72D9F19FFB87500C29974 /* MasterViewController.swift */,
				BCF72E2C19FFC7FC00C29974 /* DdayViewController.swift */,
				BCF72DA319FFB87500C29974 /* Main.storyboard */,
				BCF72E3E19FFCB0F00C29974 /* Cells */,
				BCF72DBF19FFC08700C29974 /* CalendarEventListViewController.swift */,
				BCF72DA619FFB87500C29974 /* Images.xcassets */,
				BCF72DA819FFB87500C29974 /* LaunchScreen.xib */,
				BCF72D9C19FFB87500C29974 /* D_Day.xcdatamodeld */,
				BCF72D9819FFB87500C29974 /* Supporting Files */,
			);
			path = "D-Day";
			sourceTree = "<group>";
		};
		BCF72D9819FFB87500C29974 /* Supporting Files */ = {
			isa = PBXGroup;
			children = (
				BCF72D9919FFB87500C29974 /* Info.plist */,
			);
			name = "Supporting Files";
			sourceTree = "<group>";
		};
		BCF72DB219FFB87500C29974 /* D-DayTests */ = {
			isa = PBXGroup;
			children = (
				BCF72DB519FFB87500C29974 /* D_DayTests.swift */,
				BCF72DB319FFB87500C29974 /* Supporting Files */,
			);
			path = "D-DayTests";
			sourceTree = "<group>";
		};
		BCF72DB319FFB87500C29974 /* Supporting Files */ = {
			isa = PBXGroup;
			children = (
				BCF72DB419FFB87500C29974 /* Info.plist */,
			);
			name = "Supporting Files";
			sourceTree = "<group>";
		};
		BCF72E3E19FFCB0F00C29974 /* Cells */ = {
			isa = PBXGroup;
			children = (
				BCF288D11A03DB7A00898EC4 /* DDayCell.swift */,
				BCF72E3419FFCAD400C29974 /* KeyValueCell.swift */,
				BCBA69011A04705200189A54 /* PickerViewCell.swift */,
				BCF72E3619FFCAE000C29974 /* DatePickerCell.swift */,
				BCF72E3819FFCAED00C29974 /* TextInputCell.swift */,
				BCF72E3A19FFCAFB00C29974 /* TextViewCell.swift */,
				BCF72E3C19FFCB0800C29974 /* ButtonCell.swift */,
			);
			name = Cells;
			sourceTree = "<group>";
		};
/* End PBXGroup section */

/* Begin PBXNativeTarget section */
		BCF72D9419FFB87500C29974 /* D-Day */ = {
			isa = PBXNativeTarget;
			buildConfigurationList = BCF72DB919FFB87500C29974 /* Build configuration list for PBXNativeTarget "D-Day" */;
			buildPhases = (
				BCF72D9119FFB87500C29974 /* Sources */,
				BCF72D9219FFB87500C29974 /* Frameworks */,
				BCF72D9319FFB87500C29974 /* Resources */,
			);
			buildRules = (
			);
			dependencies = (
			);
			name = "D-Day";
			productName = "D-Day";
			productReference = BCF72D9519FFB87500C29974 /* D-Day.app */;
			productType = "com.apple.product-type.application";
		};
		BCF72DAE19FFB87500C29974 /* D-DayTests */ = {
			isa = PBXNativeTarget;
			buildConfigurationList = BCF72DBC19FFB87500C29974 /* Build configuration list for PBXNativeTarget "D-DayTests" */;
			buildPhases = (
				BCF72DAB19FFB87500C29974 /* Sources */,
				BCF72DAC19FFB87500C29974 /* Frameworks */,
				BCF72DAD19FFB87500C29974 /* Resources */,
			);
			buildRules = (
			);
			dependencies = (
				BCF72DB119FFB87500C29974 /* PBXTargetDependency */,
			);
			name = "D-DayTests";
			productName = "D-DayTests";
			productReference = BCF72DAF19FFB87500C29974 /* D-DayTests.xctest */;
			productType = "com.apple.product-type.bundle.unit-test";
		};
/* End PBXNativeTarget section */

/* Begin PBXProject section */
		BCF72D8D19FFB87500C29974 /* Project object */ = {
			isa = PBXProject;
			attributes = {
				LastUpgradeCheck = 0610;
				ORGANIZATIONNAME = Hayden;
				TargetAttributes = {
					BCF72D9419FFB87500C29974 = {
						CreatedOnToolsVersion = 6.1;
						DevelopmentTeam = 9YGS892Y3B;
						SystemCapabilities = {
							com.apple.Keychain = {
								enabled = 1;
							};
							com.apple.iCloud = {
								enabled = 1;
							};
						};
					};
					BCF72DAE19FFB87500C29974 = {
						CreatedOnToolsVersion = 6.1;
						TestTargetID = BCF72D9419FFB87500C29974;
					};
				};
			};
			buildConfigurationList = BCF72D9019FFB87500C29974 /* Build configuration list for PBXProject "D-Day" */;
			compatibilityVersion = "Xcode 3.2";
			developmentRegion = English;
			hasScannedForEncodings = 0;
			knownRegions = (
				en,
				Base,
			);
			mainGroup = BCF72D8C19FFB87500C29974;
			productRefGroup = BCF72D9619FFB87500C29974 /* Products */;
			projectDirPath = "";
			projectRoot = "";
			targets = (
				BCF72D9419FFB87500C29974 /* D-Day */,
				BCF72DAE19FFB87500C29974 /* D-DayTests */,
			);
		};
/* End PBXProject section */

/* Begin PBXResourcesBuildPhase section */
		BCF72D9319FFB87500C29974 /* Resources */ = {
			isa = PBXResourcesBuildPhase;
			buildActionMask = 2147483647;
			files = (
				BCF72DA519FFB87500C29974 /* Main.storyboard in Resources */,
				BCF72DAA19FFB87500C29974 /* LaunchScreen.xib in Resources */,
				BCF72DA719FFB87500C29974 /* Images.xcassets in Resources */,
			);
			runOnlyForDeploymentPostprocessing = 0;
		};
		BCF72DAD19FFB87500C29974 /* Resources */ = {
			isa = PBXResourcesBuildPhase;
			buildActionMask = 2147483647;
			files = (
			);
			runOnlyForDeploymentPostprocessing = 0;
		};
/* End PBXResourcesBuildPhase section */

/* Begin PBXSourcesBuildPhase section */
		BCF72D9119FFB87500C29974 /* Sources */ = {
			isa = PBXSourcesBuildPhase;
			buildActionMask = 2147483647;
			files = (
				BCF72D9B19FFB87500C29974 /* AppDelegate.swift in Sources */,
				BCF72DC019FFC08700C29974 /* CalendarEventListViewController.swift in Sources */,
				BCF72E2D19FFC7FC00C29974 /* DdayViewController.swift in Sources */,
				BCF288D21A03DB7A00898EC4 /* DDayCell.swift in Sources */,
				BCF72E3719FFCAE000C29974 /* DatePickerCell.swift in Sources */,
				BCF72D9E19FFB87500C29974 /* D_Day.xcdatamodeld in Sources */,
				BCF72E3919FFCAED00C29974 /* TextInputCell.swift in Sources */,
				BCF72DA019FFB87500C29974 /* MasterViewController.swift in Sources */,
				BCBA69021A04705200189A54 /* PickerViewCell.swift in Sources */,
				BCF72E3B19FFCAFB00C29974 /* TextViewCell.swift in Sources */,
				BCF72E3D19FFCB0800C29974 /* ButtonCell.swift in Sources */,
				BCF72E3519FFCAD400C29974 /* KeyValueCell.swift in Sources */,
			);
			runOnlyForDeploymentPostprocessing = 0;
		};
		BCF72DAB19FFB87500C29974 /* Sources */ = {
			isa = PBXSourcesBuildPhase;
			buildActionMask = 2147483647;
			files = (
				BCF72DB619FFB87500C29974 /* D_DayTests.swift in Sources */,
			);
			runOnlyForDeploymentPostprocessing = 0;
		};
/* End PBXSourcesBuildPhase section */

/* Begin PBXTargetDependency section */
		BCF72DB119FFB87500C29974 /* PBXTargetDependency */ = {
			isa = PBXTargetDependency;
			target = BCF72D9419FFB87500C29974 /* D-Day */;
			targetProxy = BCF72DB019FFB87500C29974 /* PBXContainerItemProxy */;
		};
/* End PBXTargetDependency section */

/* Begin PBXVariantGroup section */
		BCF72DA319FFB87500C29974 /* Main.storyboard */ = {
			isa = PBXVariantGroup;
			children = (
				BCF72DA419FFB87500C29974 /* Base */,
			);
			name = Main.storyboard;
			sourceTree = "<group>";
		};
		BCF72DA819FFB87500C29974 /* LaunchScreen.xib */ = {
			isa = PBXVariantGroup;
			children = (
				BCF72DA919FFB87500C29974 /* Base */,
			);
			name = LaunchScreen.xib;
			sourceTree = "<group>";
		};
/* End PBXVariantGroup section */

/* Begin XCBuildConfiguration section */
		BCF72DB719FFB87500C29974 /* Debug */ = {
			isa = XCBuildConfiguration;
			buildSettings = {
				ALWAYS_SEARCH_USER_PATHS = NO;
				CLANG_CXX_LANGUAGE_STANDARD = "gnu++0x";
				CLANG_CXX_LIBRARY = "libc++";
				CLANG_ENABLE_MODULES = YES;
				CLANG_ENABLE_OBJC_ARC = YES;
				CLANG_WARN_BOOL_CONVERSION = YES;
				CLANG_WARN_CONSTANT_CONVERSION = YES;
				CLANG_WARN_DIRECT_OBJC_ISA_USAGE = YES_ERROR;
				CLANG_WARN_EMPTY_BODY = YES;
				CLANG_WARN_ENUM_CONVERSION = YES;
				CLANG_WARN_INT_CONVERSION = YES;
				CLANG_WARN_OBJC_ROOT_CLASS = YES_ERROR;
				CLANG_WARN_UNREACHABLE_CODE = YES;
				CLANG_WARN__DUPLICATE_METHOD_MATCH = YES;
				"CODE_SIGN_IDENTITY[sdk=iphoneos*]" = "iPhone Developer";
				COPY_PHASE_STRIP = NO;
				ENABLE_STRICT_OBJC_MSGSEND = YES;
				GCC_C_LANGUAGE_STANDARD = gnu99;
				GCC_DYNAMIC_NO_PIC = NO;
				GCC_OPTIMIZATION_LEVEL = 0;
				GCC_PREPROCESSOR_DEFINITIONS = (
					"DEBUG=1",
					"$(inherited)",
				);
				GCC_SYMBOLS_PRIVATE_EXTERN = NO;
				GCC_WARN_64_TO_32_BIT_CONVERSION = YES;
				GCC_WARN_ABOUT_RETURN_TYPE = YES_ERROR;
				GCC_WARN_UNDECLARED_SELECTOR = YES;
				GCC_WARN_UNINITIALIZED_AUTOS = YES_AGGRESSIVE;
				GCC_WARN_UNUSED_FUNCTION = YES;
				GCC_WARN_UNUSED_VARIABLE = YES;
				IPHONEOS_DEPLOYMENT_TARGET = 8.1;
				MTL_ENABLE_DEBUG_INFO = YES;
				ONLY_ACTIVE_ARCH = YES;
				SDKROOT = iphoneos;
				SWIFT_OPTIMIZATION_LEVEL = "-Onone";
			};
			name = Debug;
		};
		BCF72DB819FFB87500C29974 /* Release */ = {
			isa = XCBuildConfiguration;
			buildSettings = {
				ALWAYS_SEARCH_USER_PATHS = NO;
				CLANG_CXX_LANGUAGE_STANDARD = "gnu++0x";
				CLANG_CXX_LIBRARY = "libc++";
				CLANG_ENABLE_MODULES = YES;
				CLANG_ENABLE_OBJC_ARC = YES;
				CLANG_WARN_BOOL_CONVERSION = YES;
				CLANG_WARN_CONSTANT_CONVERSION = YES;
				CLANG_WARN_DIRECT_OBJC_ISA_USAGE = YES_ERROR;
				CLANG_WARN_EMPTY_BODY = YES;
				CLANG_WARN_ENUM_CONVERSION = YES;
				CLANG_WARN_INT_CONVERSION = YES;
				CLANG_WARN_OBJC_ROOT_CLASS = YES_ERROR;
				CLANG_WARN_UNREACHABLE_CODE = YES;
				CLANG_WARN__DUPLICATE_METHOD_MATCH = YES;
				"CODE_SIGN_IDENTITY[sdk=iphoneos*]" = "iPhone Developer";
				COPY_PHASE_STRIP = YES;
				ENABLE_NS_ASSERTIONS = NO;
				ENABLE_STRICT_OBJC_MSGSEND = YES;
				GCC_C_LANGUAGE_STANDARD = gnu99;
				GCC_WARN_64_TO_32_BIT_CONVERSION = YES;
				GCC_WARN_ABOUT_RETURN_TYPE = YES_ERROR;
				GCC_WARN_UNDECLARED_SELECTOR = YES;
				GCC_WARN_UNINITIALIZED_AUTOS = YES_AGGRESSIVE;
				GCC_WARN_UNUSED_FUNCTION = YES;
				GCC_WARN_UNUSED_VARIABLE = YES;
				IPHONEOS_DEPLOYMENT_TARGET = 8.1;
				MTL_ENABLE_DEBUG_INFO = NO;
				SDKROOT = iphoneos;
				VALIDATE_PRODUCT = YES;
			};
			name = Release;
		};
		BCF72DBA19FFB87500C29974 /* Debug */ = {
			isa = XCBuildConfiguration;
			buildSettings = {
				ASSETCATALOG_COMPILER_APPICON_NAME = AppIcon;
				CODE_SIGN_ENTITLEMENTS = "D-Day/D-Day.entitlements";
				CODE_SIGN_IDENTITY = "iPhone Developer: YOU SUNG MOON (A549YJG29K)";
				"CODE_SIGN_IDENTITY[sdk=iphoneos*]" = "iPhone Developer: YOU SUNG MOON (A549YJG29K)";
				INFOPLIST_FILE = "D-Day/Info.plist";
				LD_RUNPATH_SEARCH_PATHS = "$(inherited) @executable_path/Frameworks";
				PRODUCT_NAME = "$(TARGET_NAME)";
				PROVISIONING_PROFILE = "fff9f4a3-d8e6-4578-bca7-49ec0b6f7715";
				TARGETED_DEVICE_FAMILY = "1,2";
			};
			name = Debug;
		};
		BCF72DBB19FFB87500C29974 /* Release */ = {
			isa = XCBuildConfiguration;
			buildSettings = {
				ASSETCATALOG_COMPILER_APPICON_NAME = AppIcon;
				CODE_SIGN_ENTITLEMENTS = "D-Day/D-Day.entitlements";
				CODE_SIGN_IDENTITY = "iPhone Developer";
				"CODE_SIGN_IDENTITY[sdk=iphoneos*]" = "iPhone Developer";
				INFOPLIST_FILE = "D-Day/Info.plist";
				LD_RUNPATH_SEARCH_PATHS = "$(inherited) @executable_path/Frameworks";
				PRODUCT_NAME = "$(TARGET_NAME)";
				PROVISIONING_PROFILE = "fff9f4a3-d8e6-4578-bca7-49ec0b6f7715";
				TARGETED_DEVICE_FAMILY = "1,2";
			};
			name = Release;
		};
		BCF72DBD19FFB87500C29974 /* Debug */ = {
			isa = XCBuildConfiguration;
			buildSettings = {
				BUNDLE_LOADER = "$(TEST_HOST)";
				FRAMEWORK_SEARCH_PATHS = (
					"$(SDKROOT)/Developer/Library/Frameworks",
					"$(inherited)",
				);
				GCC_PREPROCESSOR_DEFINITIONS = (
					"DEBUG=1",
					"$(inherited)",
				);
				INFOPLIST_FILE = "D-DayTests/Info.plist";
				LD_RUNPATH_SEARCH_PATHS = "$(inherited) @executable_path/Frameworks @loader_path/Frameworks";
				PRODUCT_NAME = "$(TARGET_NAME)";
				TEST_HOST = "$(BUILT_PRODUCTS_DIR)/D-Day.app/D-Day";
			};
			name = Debug;
		};
		BCF72DBE19FFB87500C29974 /* Release */ = {
			isa = XCBuildConfiguration;
			buildSettings = {
				BUNDLE_LOADER = "$(TEST_HOST)";
				FRAMEWORK_SEARCH_PATHS = (
					"$(SDKROOT)/Developer/Library/Frameworks",
					"$(inherited)",
				);
				INFOPLIST_FILE = "D-DayTests/Info.plist";
				LD_RUNPATH_SEARCH_PATHS = "$(inherited) @executable_path/Frameworks @loader_path/Frameworks";
				PRODUCT_NAME = "$(TARGET_NAME)";
				TEST_HOST = "$(BUILT_PRODUCTS_DIR)/D-Day.app/D-Day";
			};
			name = Release;
		};
/* End XCBuildConfiguration section */

/* Begin XCConfigurationList section */
		BCF72D9019FFB87500C29974 /* Build configuration list for PBXProject "D-Day" */ = {
			isa = XCConfigurationList;
			buildConfigurations = (
				BCF72DB719FFB87500C29974 /* Debug */,
				BCF72DB819FFB87500C29974 /* Release */,
			);
			defaultConfigurationIsVisible = 0;
			defaultConfigurationName = Release;
		};
		BCF72DB919FFB87500C29974 /* Build configuration list for PBXNativeTarget "D-Day" */ = {
			isa = XCConfigurationList;
			buildConfigurations = (
				BCF72DBA19FFB87500C29974 /* Debug */,
				BCF72DBB19FFB87500C29974 /* Release */,
			);
			defaultConfigurationIsVisible = 0;
			defaultConfigurationName = Release;
		};
		BCF72DBC19FFB87500C29974 /* Build configuration list for PBXNativeTarget "D-DayTests" */ = {
			isa = XCConfigurationList;
			buildConfigurations = (
				BCF72DBD19FFB87500C29974 /* Debug */,
				BCF72DBE19FFB87500C29974 /* Release */,
			);
			defaultConfigurationIsVisible = 0;
			defaultConfigurationName = Release;
		};
/* End XCConfigurationList section */

/* Begin XCVersionGroup section */
		BCF72D9C19FFB87500C29974 /* D_Day.xcdatamodeld */ = {
			isa = XCVersionGroup;
			children = (
				BCF72D9D19FFB87500C29974 /* D_Day.xcdatamodel */,
			);
			currentVersion = BCF72D9D19FFB87500C29974 /* D_Day.xcdatamodel */;
			path = D_Day.xcdatamodeld;
			sourceTree = "<group>";
			versionGroupType = wrapper.xcdatamodel;
		};
/* End XCVersionGroup section */
	};
	rootObject = BCF72D8D19FFB87500C29974 /* Project object */;
}
